{
  "name": "svelte-quickstart",
  "version": "1.0.0",
  "lockfileVersion": 1,
  "requires": true,
  "dependencies": {
    "svelte": {
      "version": "3.7.1",
      "resolved": "https://registry.npmjs.org/svelte/-/svelte-3.7.1.tgz",
      "integrity": "sha512-MKjFy3YZ2pNUVPTwLNQ9JAVx6KVwfYnm/vbUF/pKLrfDDZiCBKfWPwnffpwGlnIAn7aS+aJoKV0soj464DOs4Q=="
    }
  }
}
